
Microsoft Visual Studio Solution File, Format Version 12.00
# Visual Studio Version 18
VisualStudioVersion = 18.0.11222.15
MinimumVisualStudioVersion = 10.0.40219.1
Project("{FAE04EC0-301F-11D3-BF4B-00C04F79EFBC}") = "ServiceManager", "ServiceManager\ServiceManager.csproj", "{99D56FE4-6713-4992-8ECA-011581427AB8}"
EndProject
Project("{FAE04EC0-301F-11D3-BF4B-00C04F79EFBC}") = "Allegro.JSAGRO.Gaska.ProductsService", "Allegro.JSAGRO.Gaska.ProductsService\Allegro.JSAGRO.Gaska.ProductsService.csproj", "{E613B824-2053-4523-81BE-394D0B124221}"
EndProject
Project("{FAE04EC0-301F-11D3-BF4B-00C04F79EFBC}") = "Allegro.JSAGRO.Gaska.OrdersService", "Allegro.JSAGRO.Gaska.OrdersService\Allegro.JSAGRO.Gaska.OrdersService.csproj", "{B7448204-9E71-4782-B00F-C1BCF9C4D240}"
EndProject
Project("{FAE04EC0-301F-11D3-BF4B-00C04F79EFBC}") = "Allegro.JSAGRO.Erli.ProductsService", "Allegro.JSAGRO.Erli.ProductsService\Allegro.JSAGRO.Erli.ProductsService.csproj", "{EA1C55D3-81FD-4D9A-A480-D2A295149A75}"
EndProject
Project("{FAE04EC0-301F-11D3-BF4B-00C04F79EFBC}") = "Allegro.JSAGRO.Rolmar.ProductsService", "Allegro.JSAGRO.Rolmar.ProductsService\Allegro.JSAGRO.Rolmar.ProductsService.csproj", "{F47495A5-7817-47D8-B40D-8659075752A3}"
EndProject
Project("{FAE04EC0-301F-11D3-BF4B-00C04F79EFBC}") = "Allegro.JSAGRO2.Gaska.ProductsService", "Allegro.JSAGRO2.Gaska.ProductsService\Allegro.JSAGRO2.Gaska.ProductsService.csproj", "{F49458B2-7CE2-4894-8D4F-230C7901CB67}"
EndProject
Project("{FAE04EC0-301F-11D3-BF4B-00C04F79EFBC}") = "Allegro.JSAGRO2.Gaska.OrdersService", "Allegro.JSAGRO2.Gaska.OrdersService\Allegro.JSAGRO2.Gaska.OrdersService.csproj", "{1B42F7E1-0195-48ED-9E6E-80FF09691086}"
EndProject
Project("{FAE04EC0-301F-11D3-BF4B-00C04F79EFBC}") = "Allegro.JSAGRO2.Rolmar.ProductsService", "Allegro.JSAGRO2.Rolmar.ProductsService\Allegro.JSAGRO2.Rolmar.ProductsService.csproj", "{D7C40EAE-CA43-4BF8-9623-B3BF482D787A}"
EndProject
Project("{FAE04EC0-301F-11D3-BF4B-00C04F79EFBC}") = "JSAGROSyncServices.Contracts", "JSAGROSyncServices.Contracts\JSAGROSyncServices.Contracts.csproj", "{AE6E2A4B-DF76-40D8-96C1-ED6DE7C29956}"
EndProject
Project("{FAE04EC0-301F-11D3-BF4B-00C04F79EFBC}") = "JSAGROSyncServices.Infrastructure", "JSAGROSyncServices.Infrastructure\JSAGROSyncServices.Infrastructure.csproj", "{6E665A0C-D77F-41FF-ABE1-54854D14D020}"
EndProject
Project("{FAE04EC0-301F-11D3-BF4B-00C04F79EFBC}") = "JSAGROSyncServices.Products", "JSAGROSyncServices.Products\JSAGROSyncServices.Products.csproj", "{7AC486A9-9B25-4118-82AC-EA7D140972AB}"
EndProject
Project("{FAE04EC0-301F-11D3-BF4B-00C04F79EFBC}") = "JSAGROSyncServices.Orders", "JSAGROSyncServices.Orders\JSAGROSyncServices.Orders.csproj", "{4A6F8A04-FD97-4251-B92A-B66CB2A77C0C}"
EndProject
Project("{FAE04EC0-301F-11D3-BF4B-00C04F79EFBC}") = "Allegro.JSAGRO2.InterCars.ProductsService", "Allegro.JSAGRO2.InterCars.ProductsService\Allegro.JSAGRO2.InterCars.ProductsService.csproj", "{EF173514-6B01-49B1-8234-688C18247767}"
EndProject
Global
	GlobalSection(SolutionConfigurationPlatforms) = preSolution
		Debug|Any CPU = Debug|Any CPU
		Debug|x64 = Debug|x64
		Debug|x86 = Debug|x86
		Release|Any CPU = Release|Any CPU
		Release|x64 = Release|x64
		Release|x86 = Release|x86
	EndGlobalSection
	GlobalSection(ProjectConfigurationPlatforms) = postSolution
		{99D56FE4-6713-4992-8ECA-011581427AB8}.Debug|Any CPU.ActiveCfg = Debug|Any CPU
		{99D56FE4-6713-4992-8ECA-011581427AB8}.Debug|Any CPU.Build.0 = Debug|Any CPU
		{99D56FE4-6713-4992-8ECA-011581427AB8}.Debug|x64.ActiveCfg = Debug|Any CPU
		{99D56FE4-6713-4992-8ECA-011581427AB8}.Debug|x64.Build.0 = Debug|Any CPU
		{99D56FE4-6713-4992-8ECA-011581427AB8}.Debug|x86.ActiveCfg = Debug|Any CPU
		{99D56FE4-6713-4992-8ECA-011581427AB8}.Debug|x86.Build.0 = Debug|Any CPU
		{99D56FE4-6713-4992-8ECA-011581427AB8}.Release|Any CPU.ActiveCfg = Release|Any CPU
		{99D56FE4-6713-4992-8ECA-011581427AB8}.Release|Any CPU.Build.0 = Release|Any CPU
		{99D56FE4-6713-4992-8ECA-011581427AB8}.Release|x64.ActiveCfg = Release|Any CPU
		{99D56FE4-6713-4992-8ECA-011581427AB8}.Release|x64.Build.0 = Release|Any CPU
		{99D56FE4-6713-4992-8ECA-011581427AB8}.Release|x86.ActiveCfg = Release|Any CPU
		{99D56FE4-6713-4992-8ECA-011581427AB8}.Release|x86.Build.0 = Release|Any CPU
		{E613B824-2053-4523-81BE-394D0B124221}.Debug|Any CPU.ActiveCfg = Debug|Any CPU
		{E613B824-2053-4523-81BE-394D0B124221}.Debug|Any CPU.Build.0 = Debug|Any CPU
		{E613B824-2053-4523-81BE-394D0B124221}.Debug|x64.ActiveCfg = Debug|Any CPU
		{E613B824-2053-4523-81BE-394D0B124221}.Debug|x64.Build.0 = Debug|Any CPU
		{E613B824-2053-4523-81BE-394D0B124221}.Debug|x86.ActiveCfg = Debug|Any CPU
		{E613B824-2053-4523-81BE-394D0B124221}.Debug|x86.Build.0 = Debug|Any CPU
		{E613B824-2053-4523-81BE-394D0B124221}.Release|Any CPU.ActiveCfg = Release|Any CPU
		{E613B824-2053-4523-81BE-394D0B124221}.Release|Any CPU.Build.0 = Release|Any CPU
		{E613B824-2053-4523-81BE-394D0B124221}.Release|x64.ActiveCfg = Release|Any CPU
		{E613B824-2053-4523-81BE-394D0B124221}.Release|x64.Build.0 = Release|Any CPU
		{E613B824-2053-4523-81BE-394D0B124221}.Release|x86.ActiveCfg = Release|Any CPU
		{E613B824-2053-4523-81BE-394D0B124221}.Release|x86.Build.0 = Release|Any CPU
		{B7448204-9E71-4782-B00F-C1BCF9C4D240}.Debug|Any CPU.ActiveCfg = Debug|Any CPU
		{B7448204-9E71-4782-B00F-C1BCF9C4D240}.Debug|Any CPU.Build.0 = Debug|Any CPU
		{B7448204-9E71-4782-B00F-C1BCF9C4D240}.Debug|x64.ActiveCfg = Debug|Any CPU
		{B7448204-9E71-4782-B00F-C1BCF9C4D240}.Debug|x64.Build.0 = Debug|Any CPU
		{B7448204-9E71-4782-B00F-C1BCF9C4D240}.Debug|x86.ActiveCfg = Debug|Any CPU
		{B7448204-9E71-4782-B00F-C1BCF9C4D240}.Debug|x86.Build.0 = Debug|Any CPU
		{B7448204-9E71-4782-B00F-C1BCF9C4D240}.Release|Any CPU.ActiveCfg = Release|Any CPU
		{B7448204-9E71-4782-B00F-C1BCF9C4D240}.Release|Any CPU.Build.0 = Release|Any CPU
		{B7448204-9E71-4782-B00F-C1BCF9C4D240}.Release|x64.ActiveCfg = Release|Any CPU
		{B7448204-9E71-4782-B00F-C1BCF9C4D240}.Release|x64.Build.0 = Release|Any CPU
		{B7448204-9E71-4782-B00F-C1BCF9C4D240}.Release|x86.ActiveCfg = Release|Any CPU
		{B7448204-9E71-4782-B00F-C1BCF9C4D240}.Release|x86.Build.0 = Release|Any CPU
		{EA1C55D3-81FD-4D9A-A480-D2A295149A75}.Debug|Any CPU.ActiveCfg = Debug|Any CPU
		{EA1C55D3-81FD-4D9A-A480-D2A295149A75}.Debug|Any CPU.Build.0 = Debug|Any CPU
		{EA1C55D3-81FD-4D9A-A480-D2A295149A75}.Debug|x64.ActiveCfg = Debug|Any CPU
		{EA1C55D3-81FD-4D9A-A480-D2A295149A75}.Debug|x64.Build.0 = Debug|Any CPU
		{EA1C55D3-81FD-4D9A-A480-D2A295149A75}.Debug|x86.ActiveCfg = Debug|Any CPU
		{EA1C55D3-81FD-4D9A-A480-D2A295149A75}.Debug|x86.Build.0 = Debug|Any CPU
		{EA1C55D3-81FD-4D9A-A480-D2A295149A75}.Release|Any CPU.ActiveCfg = Release|Any CPU
		{EA1C55D3-81FD-4D9A-A480-D2A295149A75}.Release|Any CPU.Build.0 = Release|Any CPU
		{EA1C55D3-81FD-4D9A-A480-D2A295149A75}.Release|x64.ActiveCfg = Release|Any CPU
		{EA1C55D3-81FD-4D9A-A480-D2A295149A75}.Release|x64.Build.0 = Release|Any CPU
		{EA1C55D3-81FD-4D9A-A480-D2A295149A75}.Release|x86.ActiveCfg = Release|Any CPU
		{EA1C55D3-81FD-4D9A-A480-D2A295149A75}.Release|x86.Build.0 = Release|Any CPU
		{F47495A5-7817-47D8-B40D-8659075752A3}.Debug|Any CPU.ActiveCfg = Debug|Any CPU
		{F47495A5-7817-47D8-B40D-8659075752A3}.Debug|Any CPU.Build.0 = Debug|Any CPU
		{F47495A5-7817-47D8-B40D-8659075752A3}.Debug|x64.ActiveCfg = Debug|Any CPU
		{F47495A5-7817-47D8-B40D-8659075752A3}.Debug|x64.Build.0 = Debug|Any CPU
		{F47495A5-7817-47D8-B40D-8659075752A3}.Debug|x86.ActiveCfg = Debug|Any CPU
		{F47495A5-7817-47D8-B40D-8659075752A3}.Debug|x86.Build.0 = Debug|Any CPU
		{F47495A5-7817-47D8-B40D-8659075752A3}.Release|Any CPU.ActiveCfg = Release|Any CPU
		{F47495A5-7817-47D8-B40D-8659075752A3}.Release|Any CPU.Build.0 = Release|Any CPU
		{F47495A5-7817-47D8-B40D-8659075752A3}.Release|x64.ActiveCfg = Release|Any CPU
		{F47495A5-7817-47D8-B40D-8659075752A3}.Release|x64.Build.0 = Release|Any CPU
		{F47495A5-7817-47D8-B40D-8659075752A3}.Release|x86.ActiveCfg = Release|Any CPU
		{F47495A5-7817-47D8-B40D-8659075752A3}.Release|x86.Build.0 = Release|Any CPU
		{F49458B2-7CE2-4894-8D4F-230C7901CB67}.Debug|Any CPU.ActiveCfg = Debug|Any CPU
		{F49458B2-7CE2-4894-8D4F-230C7901CB67}.Debug|Any CPU.Build.0 = Debug|Any CPU
		{F49458B2-7CE2-4894-8D4F-230C7901CB67}.Debug|x64.ActiveCfg = Debug|Any CPU
		{F49458B2-7CE2-4894-8D4F-230C7901CB67}.Debug|x64.Build.0 = Debug|Any CPU
		{F49458B2-7CE2-4894-8D4F-230C7901CB67}.Debug|x86.ActiveCfg = Debug|Any CPU
		{F49458B2-7CE2-4894-8D4F-230C7901CB67}.Debug|x86.Build.0 = Debug|Any CPU
		{F49458B2-7CE2-4894-8D4F-230C7901CB67}.Release|Any CPU.ActiveCfg = Release|Any CPU
		{F49458B2-7CE2-4894-8D4F-230C7901CB67}.Release|Any CPU.Build.0 = Release|Any CPU
		{F49458B2-7CE2-4894-8D4F-230C7901CB67}.Release|x64.ActiveCfg = Release|Any CPU
		{F49458B2-7CE2-4894-8D4F-230C7901CB67}.Release|x64.Build.0 = Release|Any CPU
		{F49458B2-7CE2-4894-8D4F-230C7901CB67}.Release|x86.ActiveCfg = Release|Any CPU
		{F49458B2-7CE2-4894-8D4F-230C7901CB67}.Release|x86.Build.0 = Release|Any CPU
		{1B42F7E1-0195-48ED-9E6E-80FF09691086}.Debug|Any CPU.ActiveCfg = Debug|Any CPU
		{1B42F7E1-0195-48ED-9E6E-80FF09691086}.Debug|Any CPU.Build.0 = Debug|Any CPU
		{1B42F7E1-0195-48ED-9E6E-80FF09691086}.Debug|x64.ActiveCfg = Debug|Any CPU
		{1B42F7E1-0195-48ED-9E6E-80FF09691086}.Debug|x64.Build.0 = Debug|Any CPU
		{1B42F7E1-0195-48ED-9E6E-80FF09691086}.Debug|x86.ActiveCfg = Debug|Any CPU
		{1B42F7E1-0195-48ED-9E6E-80FF09691086}.Debug|x86.Build.0 = Debug|Any CPU
		{1B42F7E1-0195-48ED-9E6E-80FF09691086}.Release|Any CPU.ActiveCfg = Release|Any CPU
		{1B42F7E1-0195-48ED-9E6E-80FF09691086}.Release|Any CPU.Build.0 = Release|Any CPU
		{1B42F7E1-0195-48ED-9E6E-80FF09691086}.Release|x64.ActiveCfg = Release|Any CPU
		{1B42F7E1-0195-48ED-9E6E-80FF09691086}.Release|x64.Build.0 = Release|Any CPU
		{1B42F7E1-0195-48ED-9E6E-80FF09691086}.Release|x86.ActiveCfg = Release|Any CPU
		{1B42F7E1-0195-48ED-9E6E-80FF09691086}.Release|x86.Build.0 = Release|Any CPU
		{D7C40EAE-CA43-4BF8-9623-B3BF482D787A}.Debug|Any CPU.ActiveCfg = Debug|Any CPU
		{D7C40EAE-CA43-4BF8-9623-B3BF482D787A}.Debug|Any CPU.Build.0 = Debug|Any CPU
		{D7C40EAE-CA43-4BF8-9623-B3BF482D787A}.Debug|x64.ActiveCfg = Debug|Any CPU
		{D7C40EAE-CA43-4BF8-9623-B3BF482D787A}.Debug|x64.Build.0 = Debug|Any CPU
		{D7C40EAE-CA43-4BF8-9623-B3BF482D787A}.Debug|x86.ActiveCfg = Debug|Any CPU
		{D7C40EAE-CA43-4BF8-9623-B3BF482D787A}.Debug|x86.Build.0 = Debug|Any CPU
		{D7C40EAE-CA43-4BF8-9623-B3BF482D787A}.Release|Any CPU.ActiveCfg = Release|Any CPU
		{D7C40EAE-CA43-4BF8-9623-B3BF482D787A}.Release|Any CPU.Build.0 = Release|Any CPU
		{D7C40EAE-CA43-4BF8-9623-B3BF482D787A}.Release|x64.ActiveCfg = Release|Any CPU
		{D7C40EAE-CA43-4BF8-9623-B3BF482D787A}.Release|x64.Build.0 = Release|Any CPU
		{D7C40EAE-CA43-4BF8-9623-B3BF482D787A}.Release|x86.ActiveCfg = Release|Any CPU
		{D7C40EAE-CA43-4BF8-9623-B3BF482D787A}.Release|x86.Build.0 = Release|Any CPU
		{AE6E2A4B-DF76-40D8-96C1-ED6DE7C29956}.Debug|Any CPU.ActiveCfg = Debug|Any CPU
		{AE6E2A4B-DF76-40D8-96C1-ED6DE7C29956}.Debug|Any CPU.Build.0 = Debug|Any CPU
		{AE6E2A4B-DF76-40D8-96C1-ED6DE7C29956}.Debug|x64.ActiveCfg = Debug|Any CPU
		{AE6E2A4B-DF76-40D8-96C1-ED6DE7C29956}.Debug|x64.Build.0 = Debug|Any CPU
		{AE6E2A4B-DF76-40D8-96C1-ED6DE7C29956}.Debug|x86.ActiveCfg = Debug|Any CPU
		{AE6E2A4B-DF76-40D8-96C1-ED6DE7C29956}.Debug|x86.Build.0 = Debug|Any CPU
		{AE6E2A4B-DF76-40D8-96C1-ED6DE7C29956}.Release|Any CPU.ActiveCfg = Release|Any CPU
		{AE6E2A4B-DF76-40D8-96C1-ED6DE7C29956}.Release|Any CPU.Build.0 = Release|Any CPU
		{AE6E2A4B-DF76-40D8-96C1-ED6DE7C29956}.Release|x64.ActiveCfg = Release|Any CPU
		{AE6E2A4B-DF76-40D8-96C1-ED6DE7C29956}.Release|x64.Build.0 = Release|Any CPU
		{AE6E2A4B-DF76-40D8-96C1-ED6DE7C29956}.Release|x86.ActiveCfg = Release|Any CPU
		{AE6E2A4B-DF76-40D8-96C1-ED6DE7C29956}.Release|x86.Build.0 = Release|Any CPU
		{6E665A0C-D77F-41FF-ABE1-54854D14D020}.Debug|Any CPU.ActiveCfg = Debug|Any CPU
		{6E665A0C-D77F-41FF-ABE1-54854D14D020}.Debug|Any CPU.Build.0 = Debug|Any CPU
		{6E665A0C-D77F-41FF-ABE1-54854D14D020}.Debug|x64.ActiveCfg = Debug|Any CPU
		{6E665A0C-D77F-41FF-ABE1-54854D14D020}.Debug|x64.Build.0 = Debug|Any CPU
		{6E665A0C-D77F-41FF-ABE1-54854D14D020}.Debug|x86.ActiveCfg = Debug|Any CPU
		{6E665A0C-D77F-41FF-ABE1-54854D14D020}.Debug|x86.Build.0 = Debug|Any CPU
		{6E665A0C-D77F-41FF-ABE1-54854D14D020}.Release|Any CPU.ActiveCfg = Release|Any CPU
		{6E665A0C-D77F-41FF-ABE1-54854D14D020}.Release|Any CPU.Build.0 = Release|Any CPU
		{6E665A0C-D77F-41FF-ABE1-54854D14D020}.Release|x64.ActiveCfg = Release|Any CPU
		{6E665A0C-D77F-41FF-ABE1-54854D14D020}.Release|x64.Build.0 = Release|Any CPU
		{6E665A0C-D77F-41FF-ABE1-54854D14D020}.Release|x86.ActiveCfg = Release|Any CPU
		{6E665A0C-D77F-41FF-ABE1-54854D14D020}.Release|x86.Build.0 = Release|Any CPU
		{7AC486A9-9B25-4118-82AC-EA7D140972AB}.Debug|Any CPU.ActiveCfg = Debug|Any CPU
		{7AC486A9-9B25-4118-82AC-EA7D140972AB}.Debug|Any CPU.Build.0 = Debug|Any CPU
		{7AC486A9-9B25-4118-82AC-EA7D140972AB}.Debug|x64.ActiveCfg = Debug|Any CPU
		{7AC486A9-9B25-4118-82AC-EA7D140972AB}.Debug|x64.Build.0 = Debug|Any CPU
		{7AC486A9-9B25-4118-82AC-EA7D140972AB}.Debug|x86.ActiveCfg = Debug|Any CPU
		{7AC486A9-9B25-4118-82AC-EA7D140972AB}.Debug|x86.Build.0 = Debug|Any CPU
		{7AC486A9-9B25-4118-82AC-EA7D140972AB}.Release|Any CPU.ActiveCfg = Release|Any CPU
		{7AC486A9-9B25-4118-82AC-EA7D140972AB}.Release|Any CPU.Build.0 = Release|Any CPU
		{7AC486A9-9B25-4118-82AC-EA7D140972AB}.Release|x64.ActiveCfg = Release|Any CPU
		{7AC486A9-9B25-4118-82AC-EA7D140972AB}.Release|x64.Build.0 = Release|Any CPU
		{7AC486A9-9B25-4118-82AC-EA7D140972AB}.Release|x86.ActiveCfg = Release|Any CPU
		{7AC486A9-9B25-4118-82AC-EA7D140972AB}.Release|x86.Build.0 = Release|Any CPU
		{4A6F8A04-FD97-4251-B92A-B66CB2A77C0C}.Debug|Any CPU.ActiveCfg = Debug|Any CPU
		{4A6F8A04-FD97-4251-B92A-B66CB2A77C0C}.Debug|Any CPU.Build.0 = Debug|Any CPU
		{4A6F8A04-FD97-4251-B92A-B66CB2A77C0C}.Debug|x64.ActiveCfg = Debug|Any CPU
		{4A6F8A04-FD97-4251-B92A-B66CB2A77C0C}.Debug|x64.Build.0 = Debug|Any CPU
		{4A6F8A04-FD97-4251-B92A-B66CB2A77C0C}.Debug|x86.ActiveCfg = Debug|Any CPU
		{4A6F8A04-FD97-4251-B92A-B66CB2A77C0C}.Debug|x86.Build.0 = Debug|Any CPU
		{4A6F8A04-FD97-4251-B92A-B66CB2A77C0C}.Release|Any CPU.ActiveCfg = Release|Any CPU
		{4A6F8A04-FD97-4251-B92A-B66CB2A77C0C}.Release|Any CPU.Build.0 = Release|Any CPU
		{4A6F8A04-FD97-4251-B92A-B66CB2A77C0C}.Release|x64.ActiveCfg = Release|Any CPU
		{4A6F8A04-FD97-4251-B92A-B66CB2A77C0C}.Release|x64.Build.0 = Release|Any CPU
		{4A6F8A04-FD97-4251-B92A-B66CB2A77C0C}.Release|x86.ActiveCfg = Release|Any CPU
		{4A6F8A04-FD97-4251-B92A-B66CB2A77C0C}.Release|x86.Build.0 = Release|Any CPU
		{EF173514-6B01-49B1-8234-688C18247767}.Debug|Any CPU.ActiveCfg = Debug|Any CPU
		{EF173514-6B01-49B1-8234-688C18247767}.Debug|Any CPU.Build.0 = Debug|Any CPU
		{EF173514-6B01-49B1-8234-688C18247767}.Debug|x64.ActiveCfg = Debug|Any CPU
		{EF173514-6B01-49B1-8234-688C18247767}.Debug|x64.Build.0 = Debug|Any CPU
		{EF173514-6B01-49B1-8234-688C18247767}.Debug|x86.ActiveCfg = Debug|Any CPU
		{EF173514-6B01-49B1-8234-688C18247767}.Debug|x86.Build.0 = Debug|Any CPU
		{EF173514-6B01-49B1-8234-688C18247767}.Release|Any CPU.ActiveCfg = Release|Any CPU
		{EF173514-6B01-49B1-8234-688C18247767}.Release|Any CPU.Build.0 = Release|Any CPU
		{EF173514-6B01-49B1-8234-688C18247767}.Release|x64.ActiveCfg = Release|Any CPU
		{EF173514-6B01-49B1-8234-688C18247767}.Release|x64.Build.0 = Release|Any CPU
		{EF173514-6B01-49B1-8234-688C18247767}.Release|x86.ActiveCfg = Release|Any CPU
		{EF173514-6B01-49B1-8234-688C18247767}.Release|x86.Build.0 = Release|Any CPU
	EndGlobalSection
	GlobalSection(SolutionProperties) = preSolution
		HideSolutionNode = FALSE
	EndGlobalSection
	GlobalSection(ExtensibilityGlobals) = postSolution
		SolutionGuid = {D51F1F03-D45B-4C2D-A032-B4A42D2C2FDC}
	EndGlobalSection
EndGlobal
