
Microsoft Visual Studio Solution File, Format Version 12.00
# Visual Studio Version 17
VisualStudioVersion = 17.14.36310.24
MinimumVisualStudioVersion = 10.0.40219.1
Project("{FAE04EC0-301F-11D3-BF4B-00C04F79EFBC}") = "ServiceManager", "ServiceManager\ServiceManager.csproj", "{99D56FE4-6713-4992-8ECA-011581427AB8}"
EndProject
Project("{FAE04EC0-301F-11D3-BF4B-00C04F79EFBC}") = "GaskaAllegroProductsSyncService", "GaskaAllegroProductsSyncService\GaskaAllegroProductsSyncService.csproj", "{E613B824-2053-4523-81BE-394D0B124221}"
EndProject
Project("{FAE04EC0-301F-11D3-BF4B-00C04F79EFBC}") = "AllegroGaskaOrdersSyncService", "AllegroGaskaOrdersSyncService\AllegroGaskaOrdersSyncService.csproj", "{B7448204-9E71-4782-B00F-C1BCF9C4D240}"
EndProject
Project("{FAE04EC0-301F-11D3-BF4B-00C04F79EFBC}") = "AllegroErliProductsSyncService", "AllegroErliProductsSyncService\AllegroErliProductsSyncService.csproj", "{EA1C55D3-81FD-4D9A-A480-D2A295149A75}"
EndProject
Global
	GlobalSection(SolutionConfigurationPlatforms) = preSolution
		Debug|Any CPU = Debug|Any CPU
		Release|Any CPU = Release|Any CPU
	EndGlobalSection
	GlobalSection(ProjectConfigurationPlatforms) = postSolution
		{99D56FE4-6713-4992-8ECA-011581427AB8}.Debug|Any CPU.ActiveCfg = Debug|Any CPU
		{99D56FE4-6713-4992-8ECA-011581427AB8}.Debug|Any CPU.Build.0 = Debug|Any CPU
		{99D56FE4-6713-4992-8ECA-011581427AB8}.Release|Any CPU.ActiveCfg = Release|Any CPU
		{99D56FE4-6713-4992-8ECA-011581427AB8}.Release|Any CPU.Build.0 = Release|Any CPU
		{E613B824-2053-4523-81BE-394D0B124221}.Debug|Any CPU.ActiveCfg = Debug|Any CPU
		{E613B824-2053-4523-81BE-394D0B124221}.Debug|Any CPU.Build.0 = Debug|Any CPU
		{E613B824-2053-4523-81BE-394D0B124221}.Release|Any CPU.ActiveCfg = Release|Any CPU
		{E613B824-2053-4523-81BE-394D0B124221}.Release|Any CPU.Build.0 = Release|Any CPU
		{B7448204-9E71-4782-B00F-C1BCF9C4D240}.Debug|Any CPU.ActiveCfg = Debug|Any CPU
		{B7448204-9E71-4782-B00F-C1BCF9C4D240}.Debug|Any CPU.Build.0 = Debug|Any CPU
		{B7448204-9E71-4782-B00F-C1BCF9C4D240}.Release|Any CPU.ActiveCfg = Release|Any CPU
		{B7448204-9E71-4782-B00F-C1BCF9C4D240}.Release|Any CPU.Build.0 = Release|Any CPU
		{EA1C55D3-81FD-4D9A-A480-D2A295149A75}.Debug|Any CPU.ActiveCfg = Debug|Any CPU
		{EA1C55D3-81FD-4D9A-A480-D2A295149A75}.Debug|Any CPU.Build.0 = Debug|Any CPU
		{EA1C55D3-81FD-4D9A-A480-D2A295149A75}.Release|Any CPU.ActiveCfg = Release|Any CPU
		{EA1C55D3-81FD-4D9A-A480-D2A295149A75}.Release|Any CPU.Build.0 = Release|Any CPU
	EndGlobalSection
	GlobalSection(SolutionProperties) = preSolution
		HideSolutionNode = FALSE
	EndGlobalSection
	GlobalSection(ExtensibilityGlobals) = postSolution
		SolutionGuid = {D51F1F03-D45B-4C2D-A032-B4A42D2C2FDC}
	EndGlobalSection
EndGlobal
